
Microsoft Visual Studio Solution File, Format Version 12.00
# Visual Studio Version 16
VisualStudioVersion = 16.0.32228.343
MinimumVisualStudioVersion = 10.0.40219.1
Project("{FAE04EC0-301F-11D3-BF4B-00C04F79EFBC}") = "School_MIS", "School_MIS.csproj", "{7411210F-2D78-4672-AD8C-05C1044DEE1B}"
EndProject
Global
	GlobalSection(SolutionConfigurationPlatforms) = preSolution
		Debug|Any CPU = Debug|Any CPU
		Release|Any CPU = Release|Any CPU
	EndGlobalSection
	GlobalSection(ProjectConfigurationPlatforms) = postSolution
		{7411210F-2D78-4672-AD8C-05C1044DEE1B}.Debug|Any CPU.ActiveCfg = Debug|Any CPU
		{7411210F-2D78-4672-AD8C-05C1044DEE1B}.Debug|Any CPU.Build.0 = Debug|Any CPU
		{7411210F-2D78-4672-AD8C-05C1044DEE1B}.Release|Any CPU.ActiveCfg = Release|Any CPU
		{7411210F-2D78-4672-AD8C-05C1044DEE1B}.Release|Any CPU.Build.0 = Release|Any CPU
	EndGlobalSection
	GlobalSection(SolutionProperties) = preSolution
		HideSolutionNode = FALSE
	EndGlobalSection
	GlobalSection(ExtensibilityGlobals) = postSolution
		SolutionGuid = {5C5DC614-C1F6-486B-B6E2-7B8CA8E0916D}
	EndGlobalSection
EndGlobal
